// !$*UTF8*$!
{
	archiveVersion = 1;
	classes = {
	};
	objectVersion = 46;
	objects = {

/* Begin PBXBuildFile section */
		5009AF1B1D1C294400EACDB8 /* AppDelegate.swift in Sources */ = {isa = PBXBuildFile; fileRef = 5009AF1A1D1C294400EACDB8 /* AppDelegate.swift */; };
		5009AF1D1D1C294400EACDB8 /* HomeController.swift in Sources */ = {isa = PBXBuildFile; fileRef = 5009AF1C1D1C294400EACDB8 /* HomeController.swift */; };
		5009AF201D1C294400EACDB8 /* Main.storyboard in Resources */ = {isa = PBXBuildFile; fileRef = 5009AF1E1D1C294400EACDB8 /* Main.storyboard */; };
		5009AF221D1C294400EACDB8 /* Assets.xcassets in Resources */ = {isa = PBXBuildFile; fileRef = 5009AF211D1C294400EACDB8 /* Assets.xcassets */; };
		5009AF251D1C294400EACDB8 /* LaunchScreen.storyboard in Resources */ = {isa = PBXBuildFile; fileRef = 5009AF231D1C294400EACDB8 /* LaunchScreen.storyboard */; };
		5009AF2E1D1C2A0E00EACDB8 /* Extensions.swift in Sources */ = {isa = PBXBuildFile; fileRef = 5009AF2D1D1C2A0E00EACDB8 /* Extensions.swift */; };
		5009AF321D1C2A8E00EACDB8 /* MenuBar.swift in Sources */ = {isa = PBXBuildFile; fileRef = 5009AF311D1C2A8E00EACDB8 /* MenuBar.swift */; };
		5009AF371D1C460C00EACDB8 /* SWRevealViewController.m in Sources */ = {isa = PBXBuildFile; fileRef = 5009AF361D1C460C00EACDB8 /* SWRevealViewController.m */; };
		5088F5531D1CAC4A002A6BC0 /* MMDrawerBarButtonItem.m in Sources */ = {isa = PBXBuildFile; fileRef = 5088F54B1D1CAC4A002A6BC0 /* MMDrawerBarButtonItem.m */; };
		5088F5541D1CAC4A002A6BC0 /* MMDrawerController.m in Sources */ = {isa = PBXBuildFile; fileRef = 5088F54D1D1CAC4A002A6BC0 /* MMDrawerController.m */; };
		5088F5551D1CAC4A002A6BC0 /* MMDrawerVisualState.m in Sources */ = {isa = PBXBuildFile; fileRef = 5088F5501D1CAC4A002A6BC0 /* MMDrawerVisualState.m */; };
		5088F5561D1CAC4A002A6BC0 /* UIViewController+MMDrawerController.m in Sources */ = {isa = PBXBuildFile; fileRef = 5088F5521D1CAC4A002A6BC0 /* UIViewController+MMDrawerController.m */; };
		5088F5581D1CB1D7002A6BC0 /* MenuVC.swift in Sources */ = {isa = PBXBuildFile; fileRef = 5088F5571D1CB1D7002A6BC0 /* MenuVC.swift */; };
		50D0230D1D1D3BB3008E5B8C /* SubMenu.swift in Sources */ = {isa = PBXBuildFile; fileRef = 50D0230C1D1D3BB3008E5B8C /* SubMenu.swift */; };
		50D0230F1D1D46B8008E5B8C /* ContentCollectionView.swift in Sources */ = {isa = PBXBuildFile; fileRef = 50D0230E1D1D46B8008E5B8C /* ContentCollectionView.swift */; };
/* End PBXBuildFile section */

/* Begin PBXFileReference section */
		5009AF171D1C294400EACDB8 /* BourseV2.app */ = {isa = PBXFileReference; explicitFileType = wrapper.application; includeInIndex = 0; path = BourseV2.app; sourceTree = BUILT_PRODUCTS_DIR; };
		5009AF1A1D1C294400EACDB8 /* AppDelegate.swift */ = {isa = PBXFileReference; lastKnownFileType = sourcecode.swift; path = AppDelegate.swift; sourceTree = "<group>"; };
		5009AF1C1D1C294400EACDB8 /* HomeController.swift */ = {isa = PBXFileReference; lastKnownFileType = sourcecode.swift; path = HomeController.swift; sourceTree = "<group>"; };
		5009AF1F1D1C294400EACDB8 /* Base */ = {isa = PBXFileReference; lastKnownFileType = file.storyboard; name = Base; path = Base.lproj/Main.storyboard; sourceTree = "<group>"; };
		5009AF211D1C294400EACDB8 /* Assets.xcassets */ = {isa = PBXFileReference; lastKnownFileType = folder.assetcatalog; path = Assets.xcassets; sourceTree = "<group>"; };
		5009AF241D1C294400EACDB8 /* Base */ = {isa = PBXFileReference; lastKnownFileType = file.storyboard; name = Base; path = Base.lproj/LaunchScreen.storyboard; sourceTree = "<group>"; };
		5009AF261D1C294400EACDB8 /* Info.plist */ = {isa = PBXFileReference; lastKnownFileType = text.plist.xml; path = Info.plist; sourceTree = "<group>"; };
		5009AF2D1D1C2A0E00EACDB8 /* Extensions.swift */ = {isa = PBXFileReference; fileEncoding = 4; lastKnownFileType = sourcecode.swift; path = Extensions.swift; sourceTree = "<group>"; };
		5009AF311D1C2A8E00EACDB8 /* MenuBar.swift */ = {isa = PBXFileReference; fileEncoding = 4; lastKnownFileType = sourcecode.swift; path = MenuBar.swift; sourceTree = "<group>"; };
		5009AF341D1C460B00EACDB8 /* BourseV2-Bridging-Header.h */ = {isa = PBXFileReference; lastKnownFileType = sourcecode.c.h; path = "BourseV2-Bridging-Header.h"; sourceTree = "<group>"; };
		5009AF351D1C460C00EACDB8 /* SWRevealViewController.h */ = {isa = PBXFileReference; fileEncoding = 4; lastKnownFileType = sourcecode.c.h; path = SWRevealViewController.h; sourceTree = "<group>"; };
		5009AF361D1C460C00EACDB8 /* SWRevealViewController.m */ = {isa = PBXFileReference; fileEncoding = 4; lastKnownFileType = sourcecode.c.objc; path = SWRevealViewController.m; sourceTree = "<group>"; };
		5088F54A1D1CAC4A002A6BC0 /* MMDrawerBarButtonItem.h */ = {isa = PBXFileReference; fileEncoding = 4; lastKnownFileType = sourcecode.c.h; path = MMDrawerBarButtonItem.h; sourceTree = "<group>"; };
		5088F54B1D1CAC4A002A6BC0 /* MMDrawerBarButtonItem.m */ = {isa = PBXFileReference; fileEncoding = 4; lastKnownFileType = sourcecode.c.objc; path = MMDrawerBarButtonItem.m; sourceTree = "<group>"; };
		5088F54C1D1CAC4A002A6BC0 /* MMDrawerController.h */ = {isa = PBXFileReference; fileEncoding = 4; lastKnownFileType = sourcecode.c.h; path = MMDrawerController.h; sourceTree = "<group>"; };
		5088F54D1D1CAC4A002A6BC0 /* MMDrawerController.m */ = {isa = PBXFileReference; fileEncoding = 4; lastKnownFileType = sourcecode.c.objc; path = MMDrawerController.m; sourceTree = "<group>"; };
		5088F54E1D1CAC4A002A6BC0 /* MMDrawerController+Subclass.h */ = {isa = PBXFileReference; fileEncoding = 4; lastKnownFileType = sourcecode.c.h; path = "MMDrawerController+Subclass.h"; sourceTree = "<group>"; };
		5088F54F1D1CAC4A002A6BC0 /* MMDrawerVisualState.h */ = {isa = PBXFileReference; fileEncoding = 4; lastKnownFileType = sourcecode.c.h; path = MMDrawerVisualState.h; sourceTree = "<group>"; };
		5088F5501D1CAC4A002A6BC0 /* MMDrawerVisualState.m */ = {isa = PBXFileReference; fileEncoding = 4; lastKnownFileType = sourcecode.c.objc; path = MMDrawerVisualState.m; sourceTree = "<group>"; };
		5088F5511D1CAC4A002A6BC0 /* UIViewController+MMDrawerController.h */ = {isa = PBXFileReference; fileEncoding = 4; lastKnownFileType = sourcecode.c.h; path = "UIViewController+MMDrawerController.h"; sourceTree = "<group>"; };
		5088F5521D1CAC4A002A6BC0 /* UIViewController+MMDrawerController.m */ = {isa = PBXFileReference; fileEncoding = 4; lastKnownFileType = sourcecode.c.objc; path = "UIViewController+MMDrawerController.m"; sourceTree = "<group>"; };
		5088F5571D1CB1D7002A6BC0 /* MenuVC.swift */ = {isa = PBXFileReference; fileEncoding = 4; lastKnownFileType = sourcecode.swift; path = MenuVC.swift; sourceTree = "<group>"; };
		50D0230C1D1D3BB3008E5B8C /* SubMenu.swift */ = {isa = PBXFileReference; fileEncoding = 4; lastKnownFileType = sourcecode.swift; path = SubMenu.swift; sourceTree = "<group>"; };
		50D0230E1D1D46B8008E5B8C /* ContentCollectionView.swift */ = {isa = PBXFileReference; fileEncoding = 4; lastKnownFileType = sourcecode.swift; path = ContentCollectionView.swift; sourceTree = "<group>"; };
/* End PBXFileReference section */

/* Begin PBXFrameworksBuildPhase section */
		5009AF141D1C294400EACDB8 /* Frameworks */ = {
			isa = PBXFrameworksBuildPhase;
			buildActionMask = 2147483647;
			files = (
			);
			runOnlyForDeploymentPostprocessing = 0;
		};
/* End PBXFrameworksBuildPhase section */

/* Begin PBXGroup section */
		5009AF0E1D1C294400EACDB8 = {
			isa = PBXGroup;
			children = (
				5009AF191D1C294400EACDB8 /* BourseV2 */,
				5009AF181D1C294400EACDB8 /* Products */,
			);
			sourceTree = "<group>";
		};
		5009AF181D1C294400EACDB8 /* Products */ = {
			isa = PBXGroup;
			children = (
				5009AF171D1C294400EACDB8 /* BourseV2.app */,
			);
			name = Products;
			sourceTree = "<group>";
		};
		5009AF191D1C294400EACDB8 /* BourseV2 */ = {
			isa = PBXGroup;
			children = (
				5009AF301D1C2A3500EACDB8 /* View */,
				5009AF2F1D1C2A1C00EACDB8 /* Controller */,
				5009AF2C1D1C2A0200EACDB8 /* Helpers */,
				5009AF1A1D1C294400EACDB8 /* AppDelegate.swift */,
				5009AF1E1D1C294400EACDB8 /* Main.storyboard */,
				5009AF211D1C294400EACDB8 /* Assets.xcassets */,
				5009AF231D1C294400EACDB8 /* LaunchScreen.storyboard */,
				5009AF261D1C294400EACDB8 /* Info.plist */,
				5009AF341D1C460B00EACDB8 /* BourseV2-Bridging-Header.h */,
			);
			path = BourseV2;
			sourceTree = "<group>";
		};
		5009AF2C1D1C2A0200EACDB8 /* Helpers */ = {
			isa = PBXGroup;
			children = (
				5009AF2D1D1C2A0E00EACDB8 /* Extensions.swift */,
			);
			name = Helpers;
			sourceTree = "<group>";
		};
		5009AF2F1D1C2A1C00EACDB8 /* Controller */ = {
			isa = PBXGroup;
			children = (
				5009AF3A1D1C9CED00EACDB8 /* SideBar */,
				5009AF1C1D1C294400EACDB8 /* HomeController.swift */,
				5088F5571D1CB1D7002A6BC0 /* MenuVC.swift */,
			);
			name = Controller;
			sourceTree = "<group>";
		};
		5009AF301D1C2A3500EACDB8 /* View */ = {
			isa = PBXGroup;
			children = (
				5009AF311D1C2A8E00EACDB8 /* MenuBar.swift */,
				50D0230C1D1D3BB3008E5B8C /* SubMenu.swift */,
				50D0230E1D1D46B8008E5B8C /* ContentCollectionView.swift */,
			);
			name = View;
			sourceTree = "<group>";
		};
		5009AF3A1D1C9CED00EACDB8 /* SideBar */ = {
			isa = PBXGroup;
			children = (
				5088F54A1D1CAC4A002A6BC0 /* MMDrawerBarButtonItem.h */,
				5088F54B1D1CAC4A002A6BC0 /* MMDrawerBarButtonItem.m */,
				5088F54C1D1CAC4A002A6BC0 /* MMDrawerController.h */,
				5088F54D1D1CAC4A002A6BC0 /* MMDrawerController.m */,
				5088F54E1D1CAC4A002A6BC0 /* MMDrawerController+Subclass.h */,
				5088F54F1D1CAC4A002A6BC0 /* MMDrawerVisualState.h */,
				5088F5501D1CAC4A002A6BC0 /* MMDrawerVisualState.m */,
				5088F5511D1CAC4A002A6BC0 /* UIViewController+MMDrawerController.h */,
				5088F5521D1CAC4A002A6BC0 /* UIViewController+MMDrawerController.m */,
				5009AF351D1C460C00EACDB8 /* SWRevealViewController.h */,
				5009AF361D1C460C00EACDB8 /* SWRevealViewController.m */,
			);
			name = SideBar;
			sourceTree = "<group>";
		};
/* End PBXGroup section */

/* Begin PBXNativeTarget section */
		5009AF161D1C294400EACDB8 /* BourseV2 */ = {
			isa = PBXNativeTarget;
			buildConfigurationList = 5009AF291D1C294400EACDB8 /* Build configuration list for PBXNativeTarget "BourseV2" */;
			buildPhases = (
				5009AF131D1C294400EACDB8 /* Sources */,
				5009AF141D1C294400EACDB8 /* Frameworks */,
				5009AF151D1C294400EACDB8 /* Resources */,
			);
			buildRules = (
			);
			dependencies = (
			);
			name = BourseV2;
			productName = BourseV2;
			productReference = 5009AF171D1C294400EACDB8 /* BourseV2.app */;
			productType = "com.apple.product-type.application";
		};
/* End PBXNativeTarget section */

/* Begin PBXProject section */
		5009AF0F1D1C294400EACDB8 /* Project object */ = {
			isa = PBXProject;
			attributes = {
				LastSwiftUpdateCheck = 0730;
				LastUpgradeCheck = 0730;
				ORGANIZATIONNAME = alphalab;
				TargetAttributes = {
					5009AF161D1C294400EACDB8 = {
						CreatedOnToolsVersion = 7.3;
						DevelopmentTeam = 57GNWW8LD2;
					};
				};
			};
			buildConfigurationList = 5009AF121D1C294400EACDB8 /* Build configuration list for PBXProject "BourseV2" */;
			compatibilityVersion = "Xcode 3.2";
			developmentRegion = English;
			hasScannedForEncodings = 0;
			knownRegions = (
				en,
				Base,
			);
			mainGroup = 5009AF0E1D1C294400EACDB8;
			productRefGroup = 5009AF181D1C294400EACDB8 /* Products */;
			projectDirPath = "";
			projectRoot = "";
			targets = (
				5009AF161D1C294400EACDB8 /* BourseV2 */,
			);
		};
/* End PBXProject section */

/* Begin PBXResourcesBuildPhase section */
		5009AF151D1C294400EACDB8 /* Resources */ = {
			isa = PBXResourcesBuildPhase;
			buildActionMask = 2147483647;
			files = (
				5009AF251D1C294400EACDB8 /* LaunchScreen.storyboard in Resources */,
				5009AF221D1C294400EACDB8 /* Assets.xcassets in Resources */,
				5009AF201D1C294400EACDB8 /* Main.storyboard in Resources */,
			);
			runOnlyForDeploymentPostprocessing = 0;
		};
/* End PBXResourcesBuildPhase section */

/* Begin PBXSourcesBuildPhase section */
		5009AF131D1C294400EACDB8 /* Sources */ = {
			isa = PBXSourcesBuildPhase;
			buildActionMask = 2147483647;
			files = (
				5009AF1D1D1C294400EACDB8 /* HomeController.swift in Sources */,
				5088F5531D1CAC4A002A6BC0 /* MMDrawerBarButtonItem.m in Sources */,
				5088F5541D1CAC4A002A6BC0 /* MMDrawerController.m in Sources */,
				5009AF2E1D1C2A0E00EACDB8 /* Extensions.swift in Sources */,
				5088F5551D1CAC4A002A6BC0 /* MMDrawerVisualState.m in Sources */,
				5009AF371D1C460C00EACDB8 /* SWRevealViewController.m in Sources */,
				5088F5561D1CAC4A002A6BC0 /* UIViewController+MMDrawerController.m in Sources */,
				5009AF321D1C2A8E00EACDB8 /* MenuBar.swift in Sources */,
				50D0230F1D1D46B8008E5B8C /* ContentCollectionView.swift in Sources */,
				50D0230D1D1D3BB3008E5B8C /* SubMenu.swift in Sources */,
				5009AF1B1D1C294400EACDB8 /* AppDelegate.swift in Sources */,
				5088F5581D1CB1D7002A6BC0 /* MenuVC.swift in Sources */,
			);
			runOnlyForDeploymentPostprocessing = 0;
		};
/* End PBXSourcesBuildPhase section */

/* Begin PBXVariantGroup section */
		5009AF1E1D1C294400EACDB8 /* Main.storyboard */ = {
			isa = PBXVariantGroup;
			children = (
				5009AF1F1D1C294400EACDB8 /* Base */,
			);
			name = Main.storyboard;
			sourceTree = "<group>";
		};
		5009AF231D1C294400EACDB8 /* LaunchScreen.storyboard */ = {
			isa = PBXVariantGroup;
			children = (
				5009AF241D1C294400EACDB8 /* Base */,
			);
			name = LaunchScreen.storyboard;
			sourceTree = "<group>";
		};
/* End PBXVariantGroup section */

/* Begin XCBuildConfiguration section */
		5009AF271D1C294400EACDB8 /* Debug */ = {
			isa = XCBuildConfiguration;
			buildSettings = {
				ALWAYS_SEARCH_USER_PATHS = NO;
				CLANG_ANALYZER_NONNULL = YES;
				CLANG_CXX_LANGUAGE_STANDARD = "gnu++0x";
				CLANG_CXX_LIBRARY = "libc++";
				CLANG_ENABLE_MODULES = YES;
				CLANG_ENABLE_OBJC_ARC = YES;
				CLANG_WARN_BOOL_CONVERSION = YES;
				CLANG_WARN_CONSTANT_CONVERSION = YES;
				CLANG_WARN_DIRECT_OBJC_ISA_USAGE = YES_ERROR;
				CLANG_WARN_EMPTY_BODY = YES;
				CLANG_WARN_ENUM_CONVERSION = YES;
				CLANG_WARN_INT_CONVERSION = YES;
				CLANG_WARN_OBJC_ROOT_CLASS = YES_ERROR;
				CLANG_WARN_UNREACHABLE_CODE = YES;
				CLANG_WARN__DUPLICATE_METHOD_MATCH = YES;
				"CODE_SIGN_IDENTITY[sdk=iphoneos*]" = "iPhone Developer";
				COPY_PHASE_STRIP = NO;
				DEBUG_INFORMATION_FORMAT = dwarf;
				ENABLE_STRICT_OBJC_MSGSEND = YES;
				ENABLE_TESTABILITY = YES;
				GCC_C_LANGUAGE_STANDARD = gnu99;
				GCC_DYNAMIC_NO_PIC = NO;
				GCC_NO_COMMON_BLOCKS = YES;
				GCC_OPTIMIZATION_LEVEL = 0;
				GCC_PREPROCESSOR_DEFINITIONS = (
					"DEBUG=1",
					"$(inherited)",
				);
				GCC_WARN_64_TO_32_BIT_CONVERSION = YES;
				GCC_WARN_ABOUT_RETURN_TYPE = YES_ERROR;
				GCC_WARN_UNDECLARED_SELECTOR = YES;
				GCC_WARN_UNINITIALIZED_AUTOS = YES_AGGRESSIVE;
				GCC_WARN_UNUSED_FUNCTION = YES;
				GCC_WARN_UNUSED_VARIABLE = YES;
				IPHONEOS_DEPLOYMENT_TARGET = 9.3;
				MTL_ENABLE_DEBUG_INFO = YES;
				ONLY_ACTIVE_ARCH = YES;
				SDKROOT = iphoneos;
				SWIFT_OPTIMIZATION_LEVEL = "-Onone";
				TARGETED_DEVICE_FAMILY = "1,2";
			};
			name = Debug;
		};
		5009AF281D1C294400EACDB8 /* Release */ = {
			isa = XCBuildConfiguration;
			buildSettings = {
				ALWAYS_SEARCH_USER_PATHS = NO;
				CLANG_ANALYZER_NONNULL = YES;
				CLANG_CXX_LANGUAGE_STANDARD = "gnu++0x";
				CLANG_CXX_LIBRARY = "libc++";
				CLANG_ENABLE_MODULES = YES;
				CLANG_ENABLE_OBJC_ARC = YES;
				CLANG_WARN_BOOL_CONVERSION = YES;
				CLANG_WARN_CONSTANT_CONVERSION = YES;
				CLANG_WARN_DIRECT_OBJC_ISA_USAGE = YES_ERROR;
				CLANG_WARN_EMPTY_BODY = YES;
				CLANG_WARN_ENUM_CONVERSION = YES;
				CLANG_WARN_INT_CONVERSION = YES;
				CLANG_WARN_OBJC_ROOT_CLASS = YES_ERROR;
				CLANG_WARN_UNREACHABLE_CODE = YES;
				CLANG_WARN__DUPLICATE_METHOD_MATCH = YES;
				"CODE_SIGN_IDENTITY[sdk=iphoneos*]" = "iPhone Developer";
				COPY_PHASE_STRIP = NO;
				DEBUG_INFORMATION_FORMAT = "dwarf-with-dsym";
				ENABLE_NS_ASSERTIONS = NO;
				ENABLE_STRICT_OBJC_MSGSEND = YES;
				GCC_C_LANGUAGE_STANDARD = gnu99;
				GCC_NO_COMMON_BLOCKS = YES;
				GCC_WARN_64_TO_32_BIT_CONVERSION = YES;
				GCC_WARN_ABOUT_RETURN_TYPE = YES_ERROR;
				GCC_WARN_UNDECLARED_SELECTOR = YES;
				GCC_WARN_UNINITIALIZED_AUTOS = YES_AGGRESSIVE;
				GCC_WARN_UNUSED_FUNCTION = YES;
				GCC_WARN_UNUSED_VARIABLE = YES;
				IPHONEOS_DEPLOYMENT_TARGET = 9.3;
				MTL_ENABLE_DEBUG_INFO = NO;
				SDKROOT = iphoneos;
				TARGETED_DEVICE_FAMILY = "1,2";
				VALIDATE_PRODUCT = YES;
			};
			name = Release;
		};
		5009AF2A1D1C294400EACDB8 /* Debug */ = {
			isa = XCBuildConfiguration;
			buildSettings = {
				ASSETCATALOG_COMPILER_APPICON_NAME = AppIcon;
				CLANG_ENABLE_MODULES = YES;
				INFOPLIST_FILE = BourseV2/Info.plist;
				LD_RUNPATH_SEARCH_PATHS = "$(inherited) @executable_path/Frameworks";
				PRODUCT_BUNDLE_IDENTIFIER = com.alphalab.BourseV2;
				PRODUCT_NAME = "$(TARGET_NAME)";
				SWIFT_OBJC_BRIDGING_HEADER = "BourseV2/BourseV2-Bridging-Header.h";
				SWIFT_OPTIMIZATION_LEVEL = "-Onone";
			};
			name = Debug;
		};
		5009AF2B1D1C294400EACDB8 /* Release */ = {
			isa = XCBuildConfiguration;
			buildSettings = {
				ASSETCATALOG_COMPILER_APPICON_NAME = AppIcon;
				CLANG_ENABLE_MODULES = YES;
				INFOPLIST_FILE = BourseV2/Info.plist;
				LD_RUNPATH_SEARCH_PATHS = "$(inherited) @executable_path/Frameworks";
				PRODUCT_BUNDLE_IDENTIFIER = com.alphalab.BourseV2;
				PRODUCT_NAME = "$(TARGET_NAME)";
				SWIFT_OBJC_BRIDGING_HEADER = "BourseV2/BourseV2-Bridging-Header.h";
			};
			name = Release;
		};
/* End XCBuildConfiguration section */

/* Begin XCConfigurationList section */
		5009AF121D1C294400EACDB8 /* Build configuration list for PBXProject "BourseV2" */ = {
			isa = XCConfigurationList;
			buildConfigurations = (
				5009AF271D1C294400EACDB8 /* Debug */,
				5009AF281D1C294400EACDB8 /* Release */,
			);
			defaultConfigurationIsVisible = 0;
			defaultConfigurationName = Release;
		};
		5009AF291D1C294400EACDB8 /* Build configuration list for PBXNativeTarget "BourseV2" */ = {
			isa = XCConfigurationList;
			buildConfigurations = (
				5009AF2A1D1C294400EACDB8 /* Debug */,
				5009AF2B1D1C294400EACDB8 /* Release */,
			);
			defaultConfigurationIsVisible = 0;
			defaultConfigurationName = Release;
		};
/* End XCConfigurationList section */
	};
	rootObject = 5009AF0F1D1C294400EACDB8 /* Project object */;
}
